
Microsoft Visual Studio Solution File, Format Version 12.00
# Visual Studio Version 16
VisualStudioVersion = 16.0.29324.140
MinimumVisualStudioVersion = 10.0.40219.1
Project("{9A19103F-16F7-4668-BE54-9A1E7A4F7556}") = "Persistence.Shared", "Persistence.Shared\Persistence.Shared.csproj", "{32B3D329-28A6-415C-B580-4490B6C044D2}"
EndProject
Project("{9A19103F-16F7-4668-BE54-9A1E7A4F7556}") = "Metadata.Shared", "Metadata.Shared\Metadata.Shared.csproj", "{75C2024A-B4A1-4933-BE0C-63DB57409A6A}"
EndProject
Project("{9A19103F-16F7-4668-BE54-9A1E7A4F7556}") = "Metadata.Tests", "Metadata.Tests\Metadata.Tests.csproj", "{06D9EEF9-7BAF-431C-A4F6-5E190FCDBD21}"
EndProject
Project("{9A19103F-16F7-4668-BE54-9A1E7A4F7556}") = "Metadata.Server", "Metadata.Server\Metadata.Server.csproj", "{BF32F95B-DD4E-4D0A-B3D8-DB045DC2B6F6}"
EndProject
Project("{9A19103F-16F7-4668-BE54-9A1E7A4F7556}") = "Query.Shared", "Query.Shared\Query.Shared.csproj", "{1518D3CB-D31A-4A07-966E-A1EB0C8B79DE}"
EndProject
Project("{FAE04EC0-301F-11D3-BF4B-00C04F79EFBC}") = "VisualStudio", "VisualStudio\VisualStudio.csproj", "{6C7DF7D7-747C-434D-AC82-4A05E04E31E8}"
EndProject
Project("{FAE04EC0-301F-11D3-BF4B-00C04F79EFBC}") = "OQL.UI", "OQL.UI\OQL.UI.csproj", "{AF9A5DF6-EFBC-4B1D-A155-7BCBD9162B53}"
EndProject
Global
	GlobalSection(SolutionConfigurationPlatforms) = preSolution
		Debug|Any CPU = Debug|Any CPU
		Release|Any CPU = Release|Any CPU
	EndGlobalSection
	GlobalSection(ProjectConfigurationPlatforms) = postSolution
		{32B3D329-28A6-415C-B580-4490B6C044D2}.Debug|Any CPU.ActiveCfg = Debug|Any CPU
		{32B3D329-28A6-415C-B580-4490B6C044D2}.Debug|Any CPU.Build.0 = Debug|Any CPU
		{32B3D329-28A6-415C-B580-4490B6C044D2}.Release|Any CPU.ActiveCfg = Release|Any CPU
		{32B3D329-28A6-415C-B580-4490B6C044D2}.Release|Any CPU.Build.0 = Release|Any CPU
		{75C2024A-B4A1-4933-BE0C-63DB57409A6A}.Debug|Any CPU.ActiveCfg = Debug|Any CPU
		{75C2024A-B4A1-4933-BE0C-63DB57409A6A}.Debug|Any CPU.Build.0 = Debug|Any CPU
		{75C2024A-B4A1-4933-BE0C-63DB57409A6A}.Release|Any CPU.ActiveCfg = Release|Any CPU
		{75C2024A-B4A1-4933-BE0C-63DB57409A6A}.Release|Any CPU.Build.0 = Release|Any CPU
		{06D9EEF9-7BAF-431C-A4F6-5E190FCDBD21}.Debug|Any CPU.ActiveCfg = Debug|Any CPU
		{06D9EEF9-7BAF-431C-A4F6-5E190FCDBD21}.Debug|Any CPU.Build.0 = Debug|Any CPU
		{06D9EEF9-7BAF-431C-A4F6-5E190FCDBD21}.Release|Any CPU.ActiveCfg = Release|Any CPU
		{06D9EEF9-7BAF-431C-A4F6-5E190FCDBD21}.Release|Any CPU.Build.0 = Release|Any CPU
		{BF32F95B-DD4E-4D0A-B3D8-DB045DC2B6F6}.Debug|Any CPU.ActiveCfg = Debug|Any CPU
		{BF32F95B-DD4E-4D0A-B3D8-DB045DC2B6F6}.Debug|Any CPU.Build.0 = Debug|Any CPU
		{BF32F95B-DD4E-4D0A-B3D8-DB045DC2B6F6}.Release|Any CPU.ActiveCfg = Release|Any CPU
		{BF32F95B-DD4E-4D0A-B3D8-DB045DC2B6F6}.Release|Any CPU.Build.0 = Release|Any CPU
		{1518D3CB-D31A-4A07-966E-A1EB0C8B79DE}.Debug|Any CPU.ActiveCfg = Debug|Any CPU
		{1518D3CB-D31A-4A07-966E-A1EB0C8B79DE}.Debug|Any CPU.Build.0 = Debug|Any CPU
		{1518D3CB-D31A-4A07-966E-A1EB0C8B79DE}.Release|Any CPU.ActiveCfg = Release|Any CPU
		{1518D3CB-D31A-4A07-966E-A1EB0C8B79DE}.Release|Any CPU.Build.0 = Release|Any CPU
		{6C7DF7D7-747C-434D-AC82-4A05E04E31E8}.Debug|Any CPU.ActiveCfg = Debug|Any CPU
		{6C7DF7D7-747C-434D-AC82-4A05E04E31E8}.Debug|Any CPU.Build.0 = Debug|Any CPU
		{6C7DF7D7-747C-434D-AC82-4A05E04E31E8}.Release|Any CPU.ActiveCfg = Release|Any CPU
		{6C7DF7D7-747C-434D-AC82-4A05E04E31E8}.Release|Any CPU.Build.0 = Release|Any CPU
		{AF9A5DF6-EFBC-4B1D-A155-7BCBD9162B53}.Debug|Any CPU.ActiveCfg = Debug|Any CPU
		{AF9A5DF6-EFBC-4B1D-A155-7BCBD9162B53}.Debug|Any CPU.Build.0 = Debug|Any CPU
		{AF9A5DF6-EFBC-4B1D-A155-7BCBD9162B53}.Release|Any CPU.ActiveCfg = Release|Any CPU
		{AF9A5DF6-EFBC-4B1D-A155-7BCBD9162B53}.Release|Any CPU.Build.0 = Release|Any CPU
	EndGlobalSection
	GlobalSection(SolutionProperties) = preSolution
		HideSolutionNode = FALSE
	EndGlobalSection
	GlobalSection(ExtensibilityGlobals) = postSolution
		SolutionGuid = {14C34E63-D57B-472C-9FFD-972E0CF20D1F}
	EndGlobalSection
EndGlobal
